
Microsoft Visual Studio Solution File, Format Version 12.00
# Visual Studio Version 16
VisualStudioVersion = 16.0.30011.22
MinimumVisualStudioVersion = 10.0.40219.1
Project("{2150E333-8FDC-42A3-9474-1A3956D46DE8}") = "BL", "BL", "{7A22FCC4-27B2-424F-852D-C79FB39E504B}"
EndProject
Project("{2150E333-8FDC-42A3-9474-1A3956D46DE8}") = "Infrastructure", "Infrastructure", "{86B59BB7-60AC-4069-B7D1-0B391A9E5765}"
EndProject
Project("{9A19103F-16F7-4668-BE54-9A1E7A4F7556}") = "Marcel.Browser", "Infrastructure\Marcel.Browser\Marcel.Browser.csproj", "{53F62A7E-4210-4D6B-A850-DAA44FC30CC5}"
EndProject
Project("{9A19103F-16F7-4668-BE54-9A1E7A4F7556}") = "Marcel.Common", "Infrastructure\Marcel.Common\Marcel.Common.csproj", "{29C6D12C-4D04-475F-B059-96CC717D04AF}"
EndProject
Project("{2150E333-8FDC-42A3-9474-1A3956D46DE8}") = "Web", "Web", "{0CD0BD72-A482-420D-938C-742C51395D4F}"
EndProject
Project("{FAE04EC0-301F-11D3-BF4B-00C04F79EFBC}") = "Marcel.Api", "Web\Marcel.Api\Marcel.Api.csproj", "{BA81B4B2-66DD-40F6-AF22-D3F6F5E8F6A1}"
EndProject
Project("{2150E333-8FDC-42A3-9474-1A3956D46DE8}") = "DAL", "DAL", "{364C5DF9-DD4D-4C14-8AA0-1C98EB04C22C}"
EndProject
Project("{FAE04EC0-301F-11D3-BF4B-00C04F79EFBC}") = "Marcel.DbModels", "DAL\Marcel.DbModels\Marcel.DbModels.csproj", "{510EE908-4C05-4CC5-89DE-7A7E4BF6F654}"
EndProject
Project("{FAE04EC0-301F-11D3-BF4B-00C04F79EFBC}") = "Marcel.Pure.Co.UK", "BL\Marcel.Pure.Co.UK\Marcel.Pure.Co.UK.csproj", "{63D3EE22-5114-404F-952B-335C5AFD710F}"
EndProject
Project("{FAE04EC0-301F-11D3-BF4B-00C04F79EFBC}") = "Marcel.Access", "DAL\Marcel.Access\Marcel.Access.csproj", "{9119683D-2D20-4947-BBFC-711BAA1E0F62}"
EndProject
Project("{2150E333-8FDC-42A3-9474-1A3956D46DE8}") = "Job", "Job", "{C16EB1CD-8243-43B3-86E5-D78641409DB7}"
EndProject
Project("{9A19103F-16F7-4668-BE54-9A1E7A4F7556}") = "Marcel", "Job\Marcel\Marcel.csproj", "{A41023C6-8C70-45CF-AC24-A00B8128A5DE}"
EndProject
Project("{2150E333-8FDC-42A3-9474-1A3956D46DE8}") = "DockerCompose", "DockerCompose", "{AEC90B41-E179-4C5B-9D29-EF340B0C5385}"
EndProject
Project("{E53339B2-1760-4266-BCC7-CA923CBCF16C}") = "docker-compose", "DockerCompose\docker-compose.dcproj", "{BC3D0A4D-A288-4E8D-A496-A826291A96BC}"
EndProject
Global
	GlobalSection(SolutionConfigurationPlatforms) = preSolution
		Debug|Any CPU = Debug|Any CPU
		Development|Any CPU = Development|Any CPU
		Production|Any CPU = Production|Any CPU
		QA|Any CPU = QA|Any CPU
		Release|Any CPU = Release|Any CPU
	EndGlobalSection
	GlobalSection(ProjectConfigurationPlatforms) = postSolution
		{53F62A7E-4210-4D6B-A850-DAA44FC30CC5}.Debug|Any CPU.ActiveCfg = Debug|Any CPU
		{53F62A7E-4210-4D6B-A850-DAA44FC30CC5}.Debug|Any CPU.Build.0 = Debug|Any CPU
		{53F62A7E-4210-4D6B-A850-DAA44FC30CC5}.Development|Any CPU.ActiveCfg = Debug|Any CPU
		{53F62A7E-4210-4D6B-A850-DAA44FC30CC5}.Development|Any CPU.Build.0 = Debug|Any CPU
		{53F62A7E-4210-4D6B-A850-DAA44FC30CC5}.Production|Any CPU.ActiveCfg = Release|Any CPU
		{53F62A7E-4210-4D6B-A850-DAA44FC30CC5}.Production|Any CPU.Build.0 = Release|Any CPU
		{53F62A7E-4210-4D6B-A850-DAA44FC30CC5}.QA|Any CPU.ActiveCfg = Release|Any CPU
		{53F62A7E-4210-4D6B-A850-DAA44FC30CC5}.QA|Any CPU.Build.0 = Release|Any CPU
		{53F62A7E-4210-4D6B-A850-DAA44FC30CC5}.Release|Any CPU.ActiveCfg = Release|Any CPU
		{53F62A7E-4210-4D6B-A850-DAA44FC30CC5}.Release|Any CPU.Build.0 = Release|Any CPU
		{29C6D12C-4D04-475F-B059-96CC717D04AF}.Debug|Any CPU.ActiveCfg = Debug|Any CPU
		{29C6D12C-4D04-475F-B059-96CC717D04AF}.Debug|Any CPU.Build.0 = Debug|Any CPU
		{29C6D12C-4D04-475F-B059-96CC717D04AF}.Development|Any CPU.ActiveCfg = Debug|Any CPU
		{29C6D12C-4D04-475F-B059-96CC717D04AF}.Development|Any CPU.Build.0 = Debug|Any CPU
		{29C6D12C-4D04-475F-B059-96CC717D04AF}.Production|Any CPU.ActiveCfg = Release|Any CPU
		{29C6D12C-4D04-475F-B059-96CC717D04AF}.Production|Any CPU.Build.0 = Release|Any CPU
		{29C6D12C-4D04-475F-B059-96CC717D04AF}.QA|Any CPU.ActiveCfg = Release|Any CPU
		{29C6D12C-4D04-475F-B059-96CC717D04AF}.QA|Any CPU.Build.0 = Release|Any CPU
		{29C6D12C-4D04-475F-B059-96CC717D04AF}.Release|Any CPU.ActiveCfg = Release|Any CPU
		{29C6D12C-4D04-475F-B059-96CC717D04AF}.Release|Any CPU.Build.0 = Release|Any CPU
		{BA81B4B2-66DD-40F6-AF22-D3F6F5E8F6A1}.Debug|Any CPU.ActiveCfg = Debug|Any CPU
		{BA81B4B2-66DD-40F6-AF22-D3F6F5E8F6A1}.Debug|Any CPU.Build.0 = Debug|Any CPU
		{BA81B4B2-66DD-40F6-AF22-D3F6F5E8F6A1}.Development|Any CPU.ActiveCfg = Debug|Any CPU
		{BA81B4B2-66DD-40F6-AF22-D3F6F5E8F6A1}.Development|Any CPU.Build.0 = Debug|Any CPU
		{BA81B4B2-66DD-40F6-AF22-D3F6F5E8F6A1}.Production|Any CPU.ActiveCfg = Debug|Any CPU
		{BA81B4B2-66DD-40F6-AF22-D3F6F5E8F6A1}.Production|Any CPU.Build.0 = Debug|Any CPU
		{BA81B4B2-66DD-40F6-AF22-D3F6F5E8F6A1}.QA|Any CPU.ActiveCfg = Debug|Any CPU
		{BA81B4B2-66DD-40F6-AF22-D3F6F5E8F6A1}.QA|Any CPU.Build.0 = Debug|Any CPU
		{BA81B4B2-66DD-40F6-AF22-D3F6F5E8F6A1}.Release|Any CPU.ActiveCfg = Release|Any CPU
		{BA81B4B2-66DD-40F6-AF22-D3F6F5E8F6A1}.Release|Any CPU.Build.0 = Release|Any CPU
		{510EE908-4C05-4CC5-89DE-7A7E4BF6F654}.Debug|Any CPU.ActiveCfg = Debug|Any CPU
		{510EE908-4C05-4CC5-89DE-7A7E4BF6F654}.Debug|Any CPU.Build.0 = Debug|Any CPU
		{510EE908-4C05-4CC5-89DE-7A7E4BF6F654}.Development|Any CPU.ActiveCfg = Debug|Any CPU
		{510EE908-4C05-4CC5-89DE-7A7E4BF6F654}.Development|Any CPU.Build.0 = Debug|Any CPU
		{510EE908-4C05-4CC5-89DE-7A7E4BF6F654}.Production|Any CPU.ActiveCfg = Debug|Any CPU
		{510EE908-4C05-4CC5-89DE-7A7E4BF6F654}.Production|Any CPU.Build.0 = Debug|Any CPU
		{510EE908-4C05-4CC5-89DE-7A7E4BF6F654}.QA|Any CPU.ActiveCfg = Debug|Any CPU
		{510EE908-4C05-4CC5-89DE-7A7E4BF6F654}.QA|Any CPU.Build.0 = Debug|Any CPU
		{510EE908-4C05-4CC5-89DE-7A7E4BF6F654}.Release|Any CPU.ActiveCfg = Release|Any CPU
		{510EE908-4C05-4CC5-89DE-7A7E4BF6F654}.Release|Any CPU.Build.0 = Release|Any CPU
		{63D3EE22-5114-404F-952B-335C5AFD710F}.Debug|Any CPU.ActiveCfg = Debug|Any CPU
		{63D3EE22-5114-404F-952B-335C5AFD710F}.Debug|Any CPU.Build.0 = Debug|Any CPU
		{63D3EE22-5114-404F-952B-335C5AFD710F}.Development|Any CPU.ActiveCfg = Debug|Any CPU
		{63D3EE22-5114-404F-952B-335C5AFD710F}.Development|Any CPU.Build.0 = Debug|Any CPU
		{63D3EE22-5114-404F-952B-335C5AFD710F}.Production|Any CPU.ActiveCfg = Debug|Any CPU
		{63D3EE22-5114-404F-952B-335C5AFD710F}.Production|Any CPU.Build.0 = Debug|Any CPU
		{63D3EE22-5114-404F-952B-335C5AFD710F}.QA|Any CPU.ActiveCfg = Debug|Any CPU
		{63D3EE22-5114-404F-952B-335C5AFD710F}.QA|Any CPU.Build.0 = Debug|Any CPU
		{63D3EE22-5114-404F-952B-335C5AFD710F}.Release|Any CPU.ActiveCfg = Release|Any CPU
		{63D3EE22-5114-404F-952B-335C5AFD710F}.Release|Any CPU.Build.0 = Release|Any CPU
		{9119683D-2D20-4947-BBFC-711BAA1E0F62}.Debug|Any CPU.ActiveCfg = Debug|Any CPU
		{9119683D-2D20-4947-BBFC-711BAA1E0F62}.Debug|Any CPU.Build.0 = Debug|Any CPU
		{9119683D-2D20-4947-BBFC-711BAA1E0F62}.Development|Any CPU.ActiveCfg = Debug|Any CPU
		{9119683D-2D20-4947-BBFC-711BAA1E0F62}.Development|Any CPU.Build.0 = Debug|Any CPU
		{9119683D-2D20-4947-BBFC-711BAA1E0F62}.Production|Any CPU.ActiveCfg = Debug|Any CPU
		{9119683D-2D20-4947-BBFC-711BAA1E0F62}.Production|Any CPU.Build.0 = Debug|Any CPU
		{9119683D-2D20-4947-BBFC-711BAA1E0F62}.QA|Any CPU.ActiveCfg = Debug|Any CPU
		{9119683D-2D20-4947-BBFC-711BAA1E0F62}.QA|Any CPU.Build.0 = Debug|Any CPU
		{9119683D-2D20-4947-BBFC-711BAA1E0F62}.Release|Any CPU.ActiveCfg = Release|Any CPU
		{9119683D-2D20-4947-BBFC-711BAA1E0F62}.Release|Any CPU.Build.0 = Release|Any CPU
		{A41023C6-8C70-45CF-AC24-A00B8128A5DE}.Debug|Any CPU.ActiveCfg = Debug|Any CPU
		{A41023C6-8C70-45CF-AC24-A00B8128A5DE}.Debug|Any CPU.Build.0 = Debug|Any CPU
		{A41023C6-8C70-45CF-AC24-A00B8128A5DE}.Development|Any CPU.ActiveCfg = Debug|Any CPU
		{A41023C6-8C70-45CF-AC24-A00B8128A5DE}.Development|Any CPU.Build.0 = Debug|Any CPU
		{A41023C6-8C70-45CF-AC24-A00B8128A5DE}.Production|Any CPU.ActiveCfg = Debug|Any CPU
		{A41023C6-8C70-45CF-AC24-A00B8128A5DE}.Production|Any CPU.Build.0 = Debug|Any CPU
		{A41023C6-8C70-45CF-AC24-A00B8128A5DE}.QA|Any CPU.ActiveCfg = Debug|Any CPU
		{A41023C6-8C70-45CF-AC24-A00B8128A5DE}.QA|Any CPU.Build.0 = Debug|Any CPU
		{A41023C6-8C70-45CF-AC24-A00B8128A5DE}.Release|Any CPU.ActiveCfg = Release|Any CPU
		{A41023C6-8C70-45CF-AC24-A00B8128A5DE}.Release|Any CPU.Build.0 = Release|Any CPU
		{BC3D0A4D-A288-4E8D-A496-A826291A96BC}.Debug|Any CPU.ActiveCfg = Debug|Any CPU
		{BC3D0A4D-A288-4E8D-A496-A826291A96BC}.Debug|Any CPU.Build.0 = Debug|Any CPU
		{BC3D0A4D-A288-4E8D-A496-A826291A96BC}.Development|Any CPU.ActiveCfg = Development|Any CPU
		{BC3D0A4D-A288-4E8D-A496-A826291A96BC}.Development|Any CPU.Build.0 = Development|Any CPU
		{BC3D0A4D-A288-4E8D-A496-A826291A96BC}.Production|Any CPU.ActiveCfg = Production|Any CPU
		{BC3D0A4D-A288-4E8D-A496-A826291A96BC}.Production|Any CPU.Build.0 = Production|Any CPU
		{BC3D0A4D-A288-4E8D-A496-A826291A96BC}.QA|Any CPU.ActiveCfg = QA|Any CPU
		{BC3D0A4D-A288-4E8D-A496-A826291A96BC}.QA|Any CPU.Build.0 = QA|Any CPU
		{BC3D0A4D-A288-4E8D-A496-A826291A96BC}.Release|Any CPU.ActiveCfg = Release|Any CPU
		{BC3D0A4D-A288-4E8D-A496-A826291A96BC}.Release|Any CPU.Build.0 = Release|Any CPU
	EndGlobalSection
	GlobalSection(SolutionProperties) = preSolution
		HideSolutionNode = FALSE
	EndGlobalSection
	GlobalSection(NestedProjects) = preSolution
		{53F62A7E-4210-4D6B-A850-DAA44FC30CC5} = {86B59BB7-60AC-4069-B7D1-0B391A9E5765}
		{29C6D12C-4D04-475F-B059-96CC717D04AF} = {86B59BB7-60AC-4069-B7D1-0B391A9E5765}
		{BA81B4B2-66DD-40F6-AF22-D3F6F5E8F6A1} = {0CD0BD72-A482-420D-938C-742C51395D4F}
		{510EE908-4C05-4CC5-89DE-7A7E4BF6F654} = {364C5DF9-DD4D-4C14-8AA0-1C98EB04C22C}
		{63D3EE22-5114-404F-952B-335C5AFD710F} = {7A22FCC4-27B2-424F-852D-C79FB39E504B}
		{9119683D-2D20-4947-BBFC-711BAA1E0F62} = {364C5DF9-DD4D-4C14-8AA0-1C98EB04C22C}
		{A41023C6-8C70-45CF-AC24-A00B8128A5DE} = {C16EB1CD-8243-43B3-86E5-D78641409DB7}
		{BC3D0A4D-A288-4E8D-A496-A826291A96BC} = {AEC90B41-E179-4C5B-9D29-EF340B0C5385}
	EndGlobalSection
	GlobalSection(ExtensibilityGlobals) = postSolution
		SolutionGuid = {6A71E2CE-2C7E-4DEC-AEE4-C14F5B8E7D08}
	EndGlobalSection
EndGlobal
